
Microsoft Visual Studio Solution File, Format Version 12.00
# Visual Studio 14
VisualStudioVersion = 14.0.25420.1
MinimumVisualStudioVersion = 10.0.40219.1
Project("{FAE04EC0-301F-11D3-BF4B-00C04F79EFBC}") = "MicroFE", "MicroFE\MicroFE.csproj", "{8FCAE2FC-61EF-4B72-B5E5-CA9DB60C6548}"
EndProject
Project("{2150E333-8FDC-42A3-9474-1A3956D46DE8}") = "ProjectElements", "ProjectElements", "{232BC3BC-35A9-4AD2-9BEC-ABDC7295DAF4}"
	ProjectSection(SolutionItems) = preProject
		.gitattributes = .gitattributes
		.gitignore = .gitignore
		license.md = license.md
		readme.md = readme.md
	EndProjectSection
EndProject
Global
	GlobalSection(SolutionConfigurationPlatforms) = preSolution
		Debug|Any CPU = Debug|Any CPU
		Release|Any CPU = Release|Any CPU
	EndGlobalSection
	GlobalSection(ProjectConfigurationPlatforms) = postSolution
		{8FCAE2FC-61EF-4B72-B5E5-CA9DB60C6548}.Debug|Any CPU.ActiveCfg = Debug|Any CPU
		{8FCAE2FC-61EF-4B72-B5E5-CA9DB60C6548}.Debug|Any CPU.Build.0 = Debug|Any CPU
		{8FCAE2FC-61EF-4B72-B5E5-CA9DB60C6548}.Release|Any CPU.ActiveCfg = Release|Any CPU
		{8FCAE2FC-61EF-4B72-B5E5-CA9DB60C6548}.Release|Any CPU.Build.0 = Release|Any CPU
	EndGlobalSection
	GlobalSection(SolutionProperties) = preSolution
		HideSolutionNode = FALSE
	EndGlobalSection
EndGlobal
